
Microsoft Visual Studio Solution File, Format Version 12.00
# Visual Studio Version 17
VisualStudioVersion = 17.6.33815.320
MinimumVisualStudioVersion = 10.0.40219.1
Project("{FAE04EC0-301F-11D3-BF4B-00C04F79EFBC}") = "NextWave", "NextWave\NextWave.csproj", "{879EDDEC-B972-4C23-8C1C-EEB7910467BC}"
EndProject
Global
	GlobalSection(SolutionConfigurationPlatforms) = preSolution
		Debug|Any CPU = Debug|Any CPU
		Release|Any CPU = Release|Any CPU
	EndGlobalSection
	GlobalSection(ProjectConfigurationPlatforms) = postSolution
		{879EDDEC-B972-4C23-8C1C-EEB7910467BC}.Debug|Any CPU.ActiveCfg = Debug|Any CPU
		{879EDDEC-B972-4C23-8C1C-EEB7910467BC}.Debug|Any CPU.Build.0 = Debug|Any CPU
		{879EDDEC-B972-4C23-8C1C-EEB7910467BC}.Release|Any CPU.ActiveCfg = Release|Any CPU
		{879EDDEC-B972-4C23-8C1C-EEB7910467BC}.Release|Any CPU.Build.0 = Release|Any CPU
	EndGlobalSection
	GlobalSection(SolutionProperties) = preSolution
		HideSolutionNode = FALSE
	EndGlobalSection
	GlobalSection(ExtensibilityGlobals) = postSolution
		SolutionGuid = {2138C623-2167-487D-866D-9A59322D4109}
	EndGlobalSection
EndGlobal
